
Microsoft Visual Studio Solution File, Format Version 12.00
# Visual Studio Version 16
VisualStudioVersion = 16.0.31025.194
MinimumVisualStudioVersion = 10.0.40219.1
Project("{FAE04EC0-301F-11D3-BF4B-00C04F79EFBC}") = "CarManager0329_1_0_org", "CarManager0329_1_0_org\CarManager0329_1_0_org.csproj", "{FB59805D-146E-4A04-9C99-036CD2DAF158}"
EndProject
Project("{FAE04EC0-301F-11D3-BF4B-00C04F79EFBC}") = "CarManager0329_1_1_am", "CarManager0329_1_1_am\CarManager0329_1_1_am.csproj", "{602EDDBB-180E-43C3-9AFC-AB1024DC724E}"
EndProject
Project("{FAE04EC0-301F-11D3-BF4B-00C04F79EFBC}") = "CarManager0329_1_2_pm_mine", "CarManager0329_1_2_pm_mine\CarManager0329_1_2_pm_mine.csproj", "{74DC8AFF-A29E-4A1B-8AE9-4D2B123A4BAA}"
EndProject
Global
	GlobalSection(SolutionConfigurationPlatforms) = preSolution
		Debug|Any CPU = Debug|Any CPU
		Release|Any CPU = Release|Any CPU
	EndGlobalSection
	GlobalSection(ProjectConfigurationPlatforms) = postSolution
		{FB59805D-146E-4A04-9C99-036CD2DAF158}.Debug|Any CPU.ActiveCfg = Debug|Any CPU
		{FB59805D-146E-4A04-9C99-036CD2DAF158}.Debug|Any CPU.Build.0 = Debug|Any CPU
		{FB59805D-146E-4A04-9C99-036CD2DAF158}.Release|Any CPU.ActiveCfg = Release|Any CPU
		{FB59805D-146E-4A04-9C99-036CD2DAF158}.Release|Any CPU.Build.0 = Release|Any CPU
		{602EDDBB-180E-43C3-9AFC-AB1024DC724E}.Debug|Any CPU.ActiveCfg = Debug|Any CPU
		{602EDDBB-180E-43C3-9AFC-AB1024DC724E}.Debug|Any CPU.Build.0 = Debug|Any CPU
		{602EDDBB-180E-43C3-9AFC-AB1024DC724E}.Release|Any CPU.ActiveCfg = Release|Any CPU
		{602EDDBB-180E-43C3-9AFC-AB1024DC724E}.Release|Any CPU.Build.0 = Release|Any CPU
		{74DC8AFF-A29E-4A1B-8AE9-4D2B123A4BAA}.Debug|Any CPU.ActiveCfg = Debug|Any CPU
		{74DC8AFF-A29E-4A1B-8AE9-4D2B123A4BAA}.Debug|Any CPU.Build.0 = Debug|Any CPU
		{74DC8AFF-A29E-4A1B-8AE9-4D2B123A4BAA}.Release|Any CPU.ActiveCfg = Release|Any CPU
		{74DC8AFF-A29E-4A1B-8AE9-4D2B123A4BAA}.Release|Any CPU.Build.0 = Release|Any CPU
	EndGlobalSection
	GlobalSection(SolutionProperties) = preSolution
		HideSolutionNode = FALSE
	EndGlobalSection
	GlobalSection(ExtensibilityGlobals) = postSolution
		SolutionGuid = {B75F3E6E-006F-4739-A698-55A73500600A}
	EndGlobalSection
EndGlobal
