
Microsoft Visual Studio Solution File, Format Version 12.00
# Visual Studio Version 16
VisualStudioVersion = 16.0.31025.194
MinimumVisualStudioVersion = 10.0.40219.1
Project("{FAE04EC0-301F-11D3-BF4B-00C04F79EFBC}") = "Managing_Car_Program", "Managing_Car_Program\Managing_Car_Program.csproj", "{573FD871-60C5-470A-B2DC-8BC495200A55}"
EndProject
Global
	GlobalSection(SolutionConfigurationPlatforms) = preSolution
		Debug|Any CPU = Debug|Any CPU
		Release|Any CPU = Release|Any CPU
	EndGlobalSection
	GlobalSection(ProjectConfigurationPlatforms) = postSolution
		{573FD871-60C5-470A-B2DC-8BC495200A55}.Debug|Any CPU.ActiveCfg = Debug|Any CPU
		{573FD871-60C5-470A-B2DC-8BC495200A55}.Debug|Any CPU.Build.0 = Debug|Any CPU
		{573FD871-60C5-470A-B2DC-8BC495200A55}.Release|Any CPU.ActiveCfg = Release|Any CPU
		{573FD871-60C5-470A-B2DC-8BC495200A55}.Release|Any CPU.Build.0 = Release|Any CPU
	EndGlobalSection
	GlobalSection(SolutionProperties) = preSolution
		HideSolutionNode = FALSE
	EndGlobalSection
	GlobalSection(ExtensibilityGlobals) = postSolution
		SolutionGuid = {22B2E1A3-A991-46D9-A088-39574636C83B}
	EndGlobalSection
EndGlobal
