
Microsoft Visual Studio Solution File, Format Version 12.00
# Visual Studio Version 16
VisualStudioVersion = 16.0.31025.194
MinimumVisualStudioVersion = 10.0.40219.1
Project("{FAE04EC0-301F-11D3-BF4B-00C04F79EFBC}") = "Chap06_1", "Chap06_1\Chap06_1.csproj", "{60B6597E-1EB6-462E-9967-904B06DAEA7D}"
EndProject
Project("{FAE04EC0-301F-11D3-BF4B-00C04F79EFBC}") = "Munje3_mine", "Munje3_mine\Munje3_mine.csproj", "{21715EED-F591-46FF-BB3A-E3849010EDEF}"
EndProject
Project("{FAE04EC0-301F-11D3-BF4B-00C04F79EFBC}") = "Chap06MiddleQue1", "Pulee_Sam\Chap06MiddleQue1.csproj", "{88A57D87-5F50-47D0-993D-65EFD29529D8}"
EndProject
Project("{FAE04EC0-301F-11D3-BF4B-00C04F79EFBC}") = "Timer", "Timer\Timer.csproj", "{7DB1F0BA-D2EE-4EAD-ABDF-4EC8A3567875}"
EndProject
Project("{FAE04EC0-301F-11D3-BF4B-00C04F79EFBC}") = "RandomNumberGameTimer", "RandomNumberGameTimer\RandomNumberGameTimer.csproj", "{391DAC93-6357-48C6-8738-21930644CEC8}"
EndProject
Global
	GlobalSection(SolutionConfigurationPlatforms) = preSolution
		Debug|Any CPU = Debug|Any CPU
		Release|Any CPU = Release|Any CPU
	EndGlobalSection
	GlobalSection(ProjectConfigurationPlatforms) = postSolution
		{60B6597E-1EB6-462E-9967-904B06DAEA7D}.Debug|Any CPU.ActiveCfg = Debug|Any CPU
		{60B6597E-1EB6-462E-9967-904B06DAEA7D}.Debug|Any CPU.Build.0 = Debug|Any CPU
		{60B6597E-1EB6-462E-9967-904B06DAEA7D}.Release|Any CPU.ActiveCfg = Release|Any CPU
		{60B6597E-1EB6-462E-9967-904B06DAEA7D}.Release|Any CPU.Build.0 = Release|Any CPU
		{21715EED-F591-46FF-BB3A-E3849010EDEF}.Debug|Any CPU.ActiveCfg = Debug|Any CPU
		{21715EED-F591-46FF-BB3A-E3849010EDEF}.Debug|Any CPU.Build.0 = Debug|Any CPU
		{21715EED-F591-46FF-BB3A-E3849010EDEF}.Release|Any CPU.ActiveCfg = Release|Any CPU
		{21715EED-F591-46FF-BB3A-E3849010EDEF}.Release|Any CPU.Build.0 = Release|Any CPU
		{88A57D87-5F50-47D0-993D-65EFD29529D8}.Debug|Any CPU.ActiveCfg = Debug|Any CPU
		{88A57D87-5F50-47D0-993D-65EFD29529D8}.Debug|Any CPU.Build.0 = Debug|Any CPU
		{88A57D87-5F50-47D0-993D-65EFD29529D8}.Release|Any CPU.ActiveCfg = Release|Any CPU
		{88A57D87-5F50-47D0-993D-65EFD29529D8}.Release|Any CPU.Build.0 = Release|Any CPU
		{7DB1F0BA-D2EE-4EAD-ABDF-4EC8A3567875}.Debug|Any CPU.ActiveCfg = Debug|Any CPU
		{7DB1F0BA-D2EE-4EAD-ABDF-4EC8A3567875}.Debug|Any CPU.Build.0 = Debug|Any CPU
		{7DB1F0BA-D2EE-4EAD-ABDF-4EC8A3567875}.Release|Any CPU.ActiveCfg = Release|Any CPU
		{7DB1F0BA-D2EE-4EAD-ABDF-4EC8A3567875}.Release|Any CPU.Build.0 = Release|Any CPU
		{391DAC93-6357-48C6-8738-21930644CEC8}.Debug|Any CPU.ActiveCfg = Debug|Any CPU
		{391DAC93-6357-48C6-8738-21930644CEC8}.Debug|Any CPU.Build.0 = Debug|Any CPU
		{391DAC93-6357-48C6-8738-21930644CEC8}.Release|Any CPU.ActiveCfg = Release|Any CPU
		{391DAC93-6357-48C6-8738-21930644CEC8}.Release|Any CPU.Build.0 = Release|Any CPU
	EndGlobalSection
	GlobalSection(SolutionProperties) = preSolution
		HideSolutionNode = FALSE
	EndGlobalSection
	GlobalSection(ExtensibilityGlobals) = postSolution
		SolutionGuid = {41097392-C510-4456-BE84-E52D799FAC8B}
	EndGlobalSection
EndGlobal
