
Microsoft Visual Studio Solution File, Format Version 12.00
# Visual Studio Version 16
VisualStudioVersion = 16.0.31025.194
MinimumVisualStudioVersion = 10.0.40219.1
Project("{FAE04EC0-301F-11D3-BF4B-00C04F79EFBC}") = "Descript_Function", "Descript_func\Descript_Function.csproj", "{8F645824-B56A-4599-9CB2-69E01F87E826}"
EndProject
Project("{FAE04EC0-301F-11D3-BF4B-00C04F79EFBC}") = "answer_function_que", "answer_function_que\answer_function_que.csproj", "{4ECA6248-1E20-463F-AC40-E4916E5000A1}"
EndProject
Project("{FAE04EC0-301F-11D3-BF4B-00C04F79EFBC}") = "getset", "getset\getset.csproj", "{8C80E1B3-18C9-4968-B053-86D06DF5FE77}"
EndProject
Global
	GlobalSection(SolutionConfigurationPlatforms) = preSolution
		Debug|Any CPU = Debug|Any CPU
		Release|Any CPU = Release|Any CPU
	EndGlobalSection
	GlobalSection(ProjectConfigurationPlatforms) = postSolution
		{8F645824-B56A-4599-9CB2-69E01F87E826}.Debug|Any CPU.ActiveCfg = Debug|Any CPU
		{8F645824-B56A-4599-9CB2-69E01F87E826}.Debug|Any CPU.Build.0 = Debug|Any CPU
		{8F645824-B56A-4599-9CB2-69E01F87E826}.Release|Any CPU.ActiveCfg = Release|Any CPU
		{8F645824-B56A-4599-9CB2-69E01F87E826}.Release|Any CPU.Build.0 = Release|Any CPU
		{4ECA6248-1E20-463F-AC40-E4916E5000A1}.Debug|Any CPU.ActiveCfg = Debug|Any CPU
		{4ECA6248-1E20-463F-AC40-E4916E5000A1}.Debug|Any CPU.Build.0 = Debug|Any CPU
		{4ECA6248-1E20-463F-AC40-E4916E5000A1}.Release|Any CPU.ActiveCfg = Release|Any CPU
		{4ECA6248-1E20-463F-AC40-E4916E5000A1}.Release|Any CPU.Build.0 = Release|Any CPU
		{8C80E1B3-18C9-4968-B053-86D06DF5FE77}.Debug|Any CPU.ActiveCfg = Debug|Any CPU
		{8C80E1B3-18C9-4968-B053-86D06DF5FE77}.Debug|Any CPU.Build.0 = Debug|Any CPU
		{8C80E1B3-18C9-4968-B053-86D06DF5FE77}.Release|Any CPU.ActiveCfg = Release|Any CPU
		{8C80E1B3-18C9-4968-B053-86D06DF5FE77}.Release|Any CPU.Build.0 = Release|Any CPU
	EndGlobalSection
	GlobalSection(SolutionProperties) = preSolution
		HideSolutionNode = FALSE
	EndGlobalSection
	GlobalSection(ExtensibilityGlobals) = postSolution
		SolutionGuid = {C2ADEC81-36B7-4456-917A-A20B48BA42D6}
	EndGlobalSection
EndGlobal
