
Microsoft Visual Studio Solution File, Format Version 12.00
# Visual Studio Version 16
VisualStudioVersion = 16.0.31025.194
MinimumVisualStudioVersion = 10.0.40219.1
Project("{FAE04EC0-301F-11D3-BF4B-00C04F79EFBC}") = "RecursiveFunction", "WindowsFormsApp1\RecursiveFunction.csproj", "{73907E7E-0312-4643-9466-9F9B451982AF}"
EndProject
Global
	GlobalSection(SolutionConfigurationPlatforms) = preSolution
		Debug|Any CPU = Debug|Any CPU
		Release|Any CPU = Release|Any CPU
	EndGlobalSection
	GlobalSection(ProjectConfigurationPlatforms) = postSolution
		{73907E7E-0312-4643-9466-9F9B451982AF}.Debug|Any CPU.ActiveCfg = Debug|Any CPU
		{73907E7E-0312-4643-9466-9F9B451982AF}.Debug|Any CPU.Build.0 = Debug|Any CPU
		{73907E7E-0312-4643-9466-9F9B451982AF}.Release|Any CPU.ActiveCfg = Release|Any CPU
		{73907E7E-0312-4643-9466-9F9B451982AF}.Release|Any CPU.Build.0 = Release|Any CPU
	EndGlobalSection
	GlobalSection(SolutionProperties) = preSolution
		HideSolutionNode = FALSE
	EndGlobalSection
	GlobalSection(ExtensibilityGlobals) = postSolution
		SolutionGuid = {B70897AC-932D-41CB-B102-F6FC132386CE}
	EndGlobalSection
EndGlobal
