
Microsoft Visual Studio Solution File, Format Version 12.00
# Visual Studio Version 16
VisualStudioVersion = 16.0.31025.194
MinimumVisualStudioVersion = 10.0.40219.1
Project("{FAE04EC0-301F-11D3-BF4B-00C04F79EFBC}") = "CarManager0323_1_1am_Sam", "CarManager0323_1_1am_Sam\CarManager0323_1_1am_Sam.csproj", "{64A235E2-AA05-4937-BDC4-7DD4762464B9}"
EndProject
Project("{FAE04EC0-301F-11D3-BF4B-00C04F79EFBC}") = "CarManager0323_1_2am_mine", "CarManager0323_1_2am_mine\CarManager0323_1_2am_mine.csproj", "{462DE196-783F-47BB-9238-873A0C68D083}"
EndProject
Global
	GlobalSection(SolutionConfigurationPlatforms) = preSolution
		Debug|Any CPU = Debug|Any CPU
		Release|Any CPU = Release|Any CPU
	EndGlobalSection
	GlobalSection(ProjectConfigurationPlatforms) = postSolution
		{64A235E2-AA05-4937-BDC4-7DD4762464B9}.Debug|Any CPU.ActiveCfg = Debug|Any CPU
		{64A235E2-AA05-4937-BDC4-7DD4762464B9}.Debug|Any CPU.Build.0 = Debug|Any CPU
		{64A235E2-AA05-4937-BDC4-7DD4762464B9}.Release|Any CPU.ActiveCfg = Release|Any CPU
		{64A235E2-AA05-4937-BDC4-7DD4762464B9}.Release|Any CPU.Build.0 = Release|Any CPU
		{462DE196-783F-47BB-9238-873A0C68D083}.Debug|Any CPU.ActiveCfg = Debug|Any CPU
		{462DE196-783F-47BB-9238-873A0C68D083}.Debug|Any CPU.Build.0 = Debug|Any CPU
		{462DE196-783F-47BB-9238-873A0C68D083}.Release|Any CPU.ActiveCfg = Release|Any CPU
		{462DE196-783F-47BB-9238-873A0C68D083}.Release|Any CPU.Build.0 = Release|Any CPU
	EndGlobalSection
	GlobalSection(SolutionProperties) = preSolution
		HideSolutionNode = FALSE
	EndGlobalSection
	GlobalSection(ExtensibilityGlobals) = postSolution
		SolutionGuid = {02832647-C89C-4DCE-9CA9-3440D15A9BE8}
	EndGlobalSection
EndGlobal
