
Microsoft Visual Studio Solution File, Format Version 12.00
# Visual Studio Version 16
VisualStudioVersion = 16.0.31025.194
MinimumVisualStudioVersion = 10.0.40219.1
Project("{FAE04EC0-301F-11D3-BF4B-00C04F79EFBC}") = "ConsoleApp1", "ConsoleApp1\ConsoleApp1.csproj", "{661D4FA7-A0CF-4435-92F1-FF285F1F39FC}"
EndProject
Project("{FAE04EC0-301F-11D3-BF4B-00C04F79EFBC}") = "Chap05", "Chap05\Chap05.csproj", "{27CD18F3-7D80-40EC-A7AE-80C3DE724E1A}"
EndProject
Global
	GlobalSection(SolutionConfigurationPlatforms) = preSolution
		Debug|Any CPU = Debug|Any CPU
		Release|Any CPU = Release|Any CPU
	EndGlobalSection
	GlobalSection(ProjectConfigurationPlatforms) = postSolution
		{661D4FA7-A0CF-4435-92F1-FF285F1F39FC}.Debug|Any CPU.ActiveCfg = Debug|Any CPU
		{661D4FA7-A0CF-4435-92F1-FF285F1F39FC}.Debug|Any CPU.Build.0 = Debug|Any CPU
		{661D4FA7-A0CF-4435-92F1-FF285F1F39FC}.Release|Any CPU.ActiveCfg = Release|Any CPU
		{661D4FA7-A0CF-4435-92F1-FF285F1F39FC}.Release|Any CPU.Build.0 = Release|Any CPU
		{27CD18F3-7D80-40EC-A7AE-80C3DE724E1A}.Debug|Any CPU.ActiveCfg = Debug|Any CPU
		{27CD18F3-7D80-40EC-A7AE-80C3DE724E1A}.Debug|Any CPU.Build.0 = Debug|Any CPU
		{27CD18F3-7D80-40EC-A7AE-80C3DE724E1A}.Release|Any CPU.ActiveCfg = Release|Any CPU
		{27CD18F3-7D80-40EC-A7AE-80C3DE724E1A}.Release|Any CPU.Build.0 = Release|Any CPU
	EndGlobalSection
	GlobalSection(SolutionProperties) = preSolution
		HideSolutionNode = FALSE
	EndGlobalSection
	GlobalSection(ExtensibilityGlobals) = postSolution
		SolutionGuid = {09DB4CB5-5FDF-43C1-9F22-0822B348956F}
	EndGlobalSection
EndGlobal
