
Microsoft Visual Studio Solution File, Format Version 12.00
# Visual Studio Version 16
VisualStudioVersion = 16.0.30717.126
MinimumVisualStudioVersion = 10.0.40219.1
Project("{FAE04EC0-301F-11D3-BF4B-00C04F79EFBC}") = "addrWin0324_3_1am_testCase", "addrWin0324_3_1am_testCase\addrWin0324_3_1am_testCase.csproj", "{2D01EFB6-619E-44BD-A724-202D4D6DCA4D}"
EndProject
Project("{FAE04EC0-301F-11D3-BF4B-00C04F79EFBC}") = "addrWin0309_1_2am_mine", "addrWin0309_1_2am_mine\addrWin0309_1_2am_mine.csproj", "{8DDA2B1E-F672-4CB8-A2B4-3E355D8648BB}"
EndProject
Global
	GlobalSection(SolutionConfigurationPlatforms) = preSolution
		Debug|Any CPU = Debug|Any CPU
		Release|Any CPU = Release|Any CPU
	EndGlobalSection
	GlobalSection(ProjectConfigurationPlatforms) = postSolution
		{2D01EFB6-619E-44BD-A724-202D4D6DCA4D}.Debug|Any CPU.ActiveCfg = Debug|Any CPU
		{2D01EFB6-619E-44BD-A724-202D4D6DCA4D}.Debug|Any CPU.Build.0 = Debug|Any CPU
		{2D01EFB6-619E-44BD-A724-202D4D6DCA4D}.Release|Any CPU.ActiveCfg = Release|Any CPU
		{2D01EFB6-619E-44BD-A724-202D4D6DCA4D}.Release|Any CPU.Build.0 = Release|Any CPU
		{8DDA2B1E-F672-4CB8-A2B4-3E355D8648BB}.Debug|Any CPU.ActiveCfg = Debug|Any CPU
		{8DDA2B1E-F672-4CB8-A2B4-3E355D8648BB}.Debug|Any CPU.Build.0 = Debug|Any CPU
		{8DDA2B1E-F672-4CB8-A2B4-3E355D8648BB}.Release|Any CPU.ActiveCfg = Release|Any CPU
		{8DDA2B1E-F672-4CB8-A2B4-3E355D8648BB}.Release|Any CPU.Build.0 = Release|Any CPU
	EndGlobalSection
	GlobalSection(SolutionProperties) = preSolution
		HideSolutionNode = FALSE
	EndGlobalSection
	GlobalSection(ExtensibilityGlobals) = postSolution
		SolutionGuid = {F46191B1-852D-4527-8C14-1EBAEE2C6AA6}
	EndGlobalSection
EndGlobal
