
Microsoft Visual Studio Solution File, Format Version 12.00
# Visual Studio Version 16
VisualStudioVersion = 16.0.31025.194
MinimumVisualStudioVersion = 10.0.40219.1
Project("{FAE04EC0-301F-11D3-BF4B-00C04F79EFBC}") = "yakgook_deonaeun", "yakgook_deonaeun\yakgook_deonaeun.csproj", "{3321535D-B14F-4CE4-AB32-9EF23FBEAE9E}"
EndProject
Global
	GlobalSection(SolutionConfigurationPlatforms) = preSolution
		Debug|Any CPU = Debug|Any CPU
		Release|Any CPU = Release|Any CPU
	EndGlobalSection
	GlobalSection(ProjectConfigurationPlatforms) = postSolution
		{3321535D-B14F-4CE4-AB32-9EF23FBEAE9E}.Debug|Any CPU.ActiveCfg = Debug|Any CPU
		{3321535D-B14F-4CE4-AB32-9EF23FBEAE9E}.Debug|Any CPU.Build.0 = Debug|Any CPU
		{3321535D-B14F-4CE4-AB32-9EF23FBEAE9E}.Release|Any CPU.ActiveCfg = Release|Any CPU
		{3321535D-B14F-4CE4-AB32-9EF23FBEAE9E}.Release|Any CPU.Build.0 = Release|Any CPU
	EndGlobalSection
	GlobalSection(SolutionProperties) = preSolution
		HideSolutionNode = FALSE
	EndGlobalSection
	GlobalSection(ExtensibilityGlobals) = postSolution
		SolutionGuid = {7C2D3A62-0510-4D70-AE7C-8311F8C23114}
	EndGlobalSection
EndGlobal
