
Microsoft Visual Studio Solution File, Format Version 12.00
# Visual Studio Version 16
VisualStudioVersion = 16.0.30717.126
MinimumVisualStudioVersion = 10.0.40219.1
Project("{FAE04EC0-301F-11D3-BF4B-00C04F79EFBC}") = "addrWin0308_1_2pm_mine", "addrWin0308_1_2am_mine\addrWin0308_1_2pm_mine.csproj", "{0970A7CE-C59F-4ED8-85EF-53A51BF767DC}"
EndProject
Global
	GlobalSection(SolutionConfigurationPlatforms) = preSolution
		Debug|Any CPU = Debug|Any CPU
		Release|Any CPU = Release|Any CPU
	EndGlobalSection
	GlobalSection(ProjectConfigurationPlatforms) = postSolution
		{0970A7CE-C59F-4ED8-85EF-53A51BF767DC}.Debug|Any CPU.ActiveCfg = Debug|Any CPU
		{0970A7CE-C59F-4ED8-85EF-53A51BF767DC}.Debug|Any CPU.Build.0 = Debug|Any CPU
		{0970A7CE-C59F-4ED8-85EF-53A51BF767DC}.Release|Any CPU.ActiveCfg = Release|Any CPU
		{0970A7CE-C59F-4ED8-85EF-53A51BF767DC}.Release|Any CPU.Build.0 = Release|Any CPU
	EndGlobalSection
	GlobalSection(SolutionProperties) = preSolution
		HideSolutionNode = FALSE
	EndGlobalSection
	GlobalSection(ExtensibilityGlobals) = postSolution
		SolutionGuid = {F46191B1-852D-4527-8C14-1EBAEE2C6AA6}
	EndGlobalSection
EndGlobal
