
Microsoft Visual Studio Solution File, Format Version 12.00
# Visual Studio Version 16
VisualStudioVersion = 16.0.31025.194
MinimumVisualStudioVersion = 10.0.40219.1
Project("{FAE04EC0-301F-11D3-BF4B-00C04F79EFBC}") = "Chapter01", "ConsoleApp1\Chapter01.csproj", "{C701E458-5DDF-40B4-B007-5EA47971F6A3}"
EndProject
Project("{FAE04EC0-301F-11D3-BF4B-00C04F79EFBC}") = "Chapter02", "ConsoleApp2\Chapter02.csproj", "{C15ECE5C-22FE-4807-AF80-E41428A4A80A}"
EndProject
Project("{FAE04EC0-301F-11D3-BF4B-00C04F79EFBC}") = "answer", "ConsoleApp3\answer.csproj", "{7D1D5454-3E88-4059-A9DE-9FEFB116FDAF}"
EndProject
Global
	GlobalSection(SolutionConfigurationPlatforms) = preSolution
		Debug|Any CPU = Debug|Any CPU
		Release|Any CPU = Release|Any CPU
	EndGlobalSection
	GlobalSection(ProjectConfigurationPlatforms) = postSolution
		{C701E458-5DDF-40B4-B007-5EA47971F6A3}.Debug|Any CPU.ActiveCfg = Debug|Any CPU
		{C701E458-5DDF-40B4-B007-5EA47971F6A3}.Debug|Any CPU.Build.0 = Debug|Any CPU
		{C701E458-5DDF-40B4-B007-5EA47971F6A3}.Release|Any CPU.ActiveCfg = Release|Any CPU
		{C701E458-5DDF-40B4-B007-5EA47971F6A3}.Release|Any CPU.Build.0 = Release|Any CPU
		{C15ECE5C-22FE-4807-AF80-E41428A4A80A}.Debug|Any CPU.ActiveCfg = Debug|Any CPU
		{C15ECE5C-22FE-4807-AF80-E41428A4A80A}.Debug|Any CPU.Build.0 = Debug|Any CPU
		{C15ECE5C-22FE-4807-AF80-E41428A4A80A}.Release|Any CPU.ActiveCfg = Release|Any CPU
		{C15ECE5C-22FE-4807-AF80-E41428A4A80A}.Release|Any CPU.Build.0 = Release|Any CPU
		{7D1D5454-3E88-4059-A9DE-9FEFB116FDAF}.Debug|Any CPU.ActiveCfg = Debug|Any CPU
		{7D1D5454-3E88-4059-A9DE-9FEFB116FDAF}.Debug|Any CPU.Build.0 = Debug|Any CPU
		{7D1D5454-3E88-4059-A9DE-9FEFB116FDAF}.Release|Any CPU.ActiveCfg = Release|Any CPU
		{7D1D5454-3E88-4059-A9DE-9FEFB116FDAF}.Release|Any CPU.Build.0 = Release|Any CPU
	EndGlobalSection
	GlobalSection(SolutionProperties) = preSolution
		HideSolutionNode = FALSE
	EndGlobalSection
	GlobalSection(ExtensibilityGlobals) = postSolution
		SolutionGuid = {D06F54B5-A8A7-4E15-ABF5-1FA73703E4C6}
	EndGlobalSection
EndGlobal
