
Microsoft Visual Studio Solution File, Format Version 12.00
# Visual Studio Version 16
VisualStudioVersion = 16.0.30804.86
MinimumVisualStudioVersion = 10.0.40219.1
Project("{FAE04EC0-301F-11D3-BF4B-00C04F79EFBC}") = "del210224_0_org", "del210224_0_org\del210224_0_org.csproj", "{8ED1F77B-C0BA-4F50-B22D-3959554F8446}"
EndProject
Project("{FAE04EC0-301F-11D3-BF4B-00C04F79EFBC}") = "del210224_2_1_pm", "del210224_2_1_pm\del210224_2_1_pm.csproj", "{DB17193D-87C6-4892-B0A8-B5F61B2B24E2}"
EndProject
Global
	GlobalSection(SolutionConfigurationPlatforms) = preSolution
		Debug|Any CPU = Debug|Any CPU
		Release|Any CPU = Release|Any CPU
	EndGlobalSection
	GlobalSection(ProjectConfigurationPlatforms) = postSolution
		{8ED1F77B-C0BA-4F50-B22D-3959554F8446}.Debug|Any CPU.ActiveCfg = Debug|Any CPU
		{8ED1F77B-C0BA-4F50-B22D-3959554F8446}.Debug|Any CPU.Build.0 = Debug|Any CPU
		{8ED1F77B-C0BA-4F50-B22D-3959554F8446}.Release|Any CPU.ActiveCfg = Release|Any CPU
		{8ED1F77B-C0BA-4F50-B22D-3959554F8446}.Release|Any CPU.Build.0 = Release|Any CPU
		{DB17193D-87C6-4892-B0A8-B5F61B2B24E2}.Debug|Any CPU.ActiveCfg = Debug|Any CPU
		{DB17193D-87C6-4892-B0A8-B5F61B2B24E2}.Debug|Any CPU.Build.0 = Debug|Any CPU
		{DB17193D-87C6-4892-B0A8-B5F61B2B24E2}.Release|Any CPU.ActiveCfg = Release|Any CPU
		{DB17193D-87C6-4892-B0A8-B5F61B2B24E2}.Release|Any CPU.Build.0 = Release|Any CPU
	EndGlobalSection
	GlobalSection(SolutionProperties) = preSolution
		HideSolutionNode = FALSE
	EndGlobalSection
	GlobalSection(ExtensibilityGlobals) = postSolution
		SolutionGuid = {F10858CB-5D20-4B53-A9E9-BB262F4E1440}
	EndGlobalSection
EndGlobal
