
Microsoft Visual Studio Solution File, Format Version 12.00
# Visual Studio Version 16
VisualStudioVersion = 16.0.31025.194
MinimumVisualStudioVersion = 10.0.40219.1
Project("{FAE04EC0-301F-11D3-BF4B-00C04F79EFBC}") = "Chapter04", "Chapter04\Chapter04.csproj", "{56CDECF3-2407-4D7B-9AB3-02C06BB0FBF8}"
EndProject
Project("{FAE04EC0-301F-11D3-BF4B-00C04F79EFBC}") = "sukje", "sukje\sukje.csproj", "{F1FBD964-91D7-4953-B2A3-3A3CA1B58961}"
EndProject
Global
	GlobalSection(SolutionConfigurationPlatforms) = preSolution
		Debug|Any CPU = Debug|Any CPU
		Release|Any CPU = Release|Any CPU
	EndGlobalSection
	GlobalSection(ProjectConfigurationPlatforms) = postSolution
		{56CDECF3-2407-4D7B-9AB3-02C06BB0FBF8}.Debug|Any CPU.ActiveCfg = Debug|Any CPU
		{56CDECF3-2407-4D7B-9AB3-02C06BB0FBF8}.Debug|Any CPU.Build.0 = Debug|Any CPU
		{56CDECF3-2407-4D7B-9AB3-02C06BB0FBF8}.Release|Any CPU.ActiveCfg = Release|Any CPU
		{56CDECF3-2407-4D7B-9AB3-02C06BB0FBF8}.Release|Any CPU.Build.0 = Release|Any CPU
		{F1FBD964-91D7-4953-B2A3-3A3CA1B58961}.Debug|Any CPU.ActiveCfg = Debug|Any CPU
		{F1FBD964-91D7-4953-B2A3-3A3CA1B58961}.Debug|Any CPU.Build.0 = Debug|Any CPU
		{F1FBD964-91D7-4953-B2A3-3A3CA1B58961}.Release|Any CPU.ActiveCfg = Release|Any CPU
		{F1FBD964-91D7-4953-B2A3-3A3CA1B58961}.Release|Any CPU.Build.0 = Release|Any CPU
	EndGlobalSection
	GlobalSection(SolutionProperties) = preSolution
		HideSolutionNode = FALSE
	EndGlobalSection
	GlobalSection(ExtensibilityGlobals) = postSolution
		SolutionGuid = {7589DF3B-9278-42B8-8EC6-6E40255AA3CA}
	EndGlobalSection
EndGlobal
